
Microsoft Visual Studio Solution File, Format Version 12.00
# Visual Studio 15
Project("{FAE04EC0-301F-11D3-BF4B-00C04F79EFBC}") = "Assembly-CSharp", "Assembly-CSharp.csproj", "{D7314D72-E567-81AC-4C49-F4B023760A15}"
EndProject
Global
	GlobalSection(SolutionConfigurationPlatforms) = preSolution
		Debug|Any CPU = Debug|Any CPU
		Release|Any CPU = Release|Any CPU
	EndGlobalSection
	GlobalSection(ProjectConfigurationPlatforms) = postSolution
		{D7314D72-E567-81AC-4C49-F4B023760A15}.Debug|Any CPU.ActiveCfg = Debug|Any CPU
		{D7314D72-E567-81AC-4C49-F4B023760A15}.Debug|Any CPU.Build.0 = Debug|Any CPU
		{D7314D72-E567-81AC-4C49-F4B023760A15}.Release|Any CPU.ActiveCfg = Release|Any CPU
		{D7314D72-E567-81AC-4C49-F4B023760A15}.Release|Any CPU.Build.0 = Release|Any CPU
	EndGlobalSection
	GlobalSection(SolutionProperties) = preSolution
		HideSolutionNode = FALSE
	EndGlobalSection
EndGlobal
